
Microsoft Visual Studio Solution File, Format Version 12.00
# Visual Studio Version 17
VisualStudioVersion = 17.3.32922.545
MinimumVisualStudioVersion = 10.0.40219.1
Project("{9A19103F-16F7-4668-BE54-9A1E7A4F7556}") = "Users.API", "Users.API\Users.API.csproj", "{A9C29D09-CEF1-4BB2-8340-4549E537BDE7}"
EndProject
Project("{9A19103F-16F7-4668-BE54-9A1E7A4F7556}") = "Users.Core", "Users.Core\Users.Core.csproj", "{54917B67-8977-45ED-A26B-7932C209147C}"
EndProject
Project("{9A19103F-16F7-4668-BE54-9A1E7A4F7556}") = "Users.Infrastructure", "Users.Infrastructure\Users.Infrastructure.csproj", "{A7183E07-3FF7-4EE3-837F-35E43E474E0B}"
EndProject
Project("{FAE04EC0-301F-11D3-BF4B-00C04F79EFBC}") = "Users.Models", "Users.Models\Users.Models.csproj", "{300D4C48-23A7-4D2F-B566-BA2AA03807AD}"
EndProject
Global
	GlobalSection(SolutionConfigurationPlatforms) = preSolution
		Debug|Any CPU = Debug|Any CPU
		Release|Any CPU = Release|Any CPU
	EndGlobalSection
	GlobalSection(ProjectConfigurationPlatforms) = postSolution
		{A9C29D09-CEF1-4BB2-8340-4549E537BDE7}.Debug|Any CPU.ActiveCfg = Debug|Any CPU
		{A9C29D09-CEF1-4BB2-8340-4549E537BDE7}.Debug|Any CPU.Build.0 = Debug|Any CPU
		{A9C29D09-CEF1-4BB2-8340-4549E537BDE7}.Release|Any CPU.ActiveCfg = Release|Any CPU
		{A9C29D09-CEF1-4BB2-8340-4549E537BDE7}.Release|Any CPU.Build.0 = Release|Any CPU
		{54917B67-8977-45ED-A26B-7932C209147C}.Debug|Any CPU.ActiveCfg = Debug|Any CPU
		{54917B67-8977-45ED-A26B-7932C209147C}.Debug|Any CPU.Build.0 = Debug|Any CPU
		{54917B67-8977-45ED-A26B-7932C209147C}.Release|Any CPU.ActiveCfg = Release|Any CPU
		{54917B67-8977-45ED-A26B-7932C209147C}.Release|Any CPU.Build.0 = Release|Any CPU
		{A7183E07-3FF7-4EE3-837F-35E43E474E0B}.Debug|Any CPU.ActiveCfg = Debug|Any CPU
		{A7183E07-3FF7-4EE3-837F-35E43E474E0B}.Debug|Any CPU.Build.0 = Debug|Any CPU
		{A7183E07-3FF7-4EE3-837F-35E43E474E0B}.Release|Any CPU.ActiveCfg = Release|Any CPU
		{A7183E07-3FF7-4EE3-837F-35E43E474E0B}.Release|Any CPU.Build.0 = Release|Any CPU
		{300D4C48-23A7-4D2F-B566-BA2AA03807AD}.Debug|Any CPU.ActiveCfg = Debug|Any CPU
		{300D4C48-23A7-4D2F-B566-BA2AA03807AD}.Debug|Any CPU.Build.0 = Debug|Any CPU
		{300D4C48-23A7-4D2F-B566-BA2AA03807AD}.Release|Any CPU.ActiveCfg = Release|Any CPU
		{300D4C48-23A7-4D2F-B566-BA2AA03807AD}.Release|Any CPU.Build.0 = Release|Any CPU
	EndGlobalSection
	GlobalSection(SolutionProperties) = preSolution
		HideSolutionNode = FALSE
	EndGlobalSection
	GlobalSection(ExtensibilityGlobals) = postSolution
		SolutionGuid = {4D16F9CB-63B0-4006-AAF8-527D7F7060D4}
	EndGlobalSection
EndGlobal
